
Microsoft Visual Studio Solution File, Format Version 12.00
# Visual Studio 14
VisualStudioVersion = 14.0.23107.0
MinimumVisualStudioVersion = 10.0.40219.1
Project("{8BC9CEB8-8B4A-11D0-8D11-00A0C91BC942}") = "ParseBooks", "ParseBooks\ParseBooks.vcxproj", "{92AD5676-DE7D-47A7-A70A-0B06F69FE9BE}"
EndProject
Global
	GlobalSection(SolutionConfigurationPlatforms) = preSolution
		Debug|x64 = Debug|x64
		Debug|x86 = Debug|x86
		Release|x64 = Release|x64
		Release|x86 = Release|x86
	EndGlobalSection
	GlobalSection(ProjectConfigurationPlatforms) = postSolution
		{92AD5676-DE7D-47A7-A70A-0B06F69FE9BE}.Debug|x64.ActiveCfg = Debug|x64
		{92AD5676-DE7D-47A7-A70A-0B06F69FE9BE}.Debug|x64.Build.0 = Debug|x64
		{92AD5676-DE7D-47A7-A70A-0B06F69FE9BE}.Debug|x86.ActiveCfg = Debug|Win32
		{92AD5676-DE7D-47A7-A70A-0B06F69FE9BE}.Debug|x86.Build.0 = Debug|Win32
		{92AD5676-DE7D-47A7-A70A-0B06F69FE9BE}.Release|x64.ActiveCfg = Release|x64
		{92AD5676-DE7D-47A7-A70A-0B06F69FE9BE}.Release|x64.Build.0 = Release|x64
		{92AD5676-DE7D-47A7-A70A-0B06F69FE9BE}.Release|x86.ActiveCfg = Release|Win32
		{92AD5676-DE7D-47A7-A70A-0B06F69FE9BE}.Release|x86.Build.0 = Release|Win32
	EndGlobalSection
	GlobalSection(SolutionProperties) = preSolution
		HideSolutionNode = FALSE
	EndGlobalSection
EndGlobal
