<?xml version="1.0" encoding="utf-8"?>
<Project ToolsVersion="4.0" xmlns="http://schemas.microsoft.com/developer/msbuild/2003">
  <ItemGroup>
    <Filter Include="Source Files">
      <UniqueIdentifier>{4FC737F1-C7A5-4376-A066-2A32D752A2FF}</UniqueIdentifier>
      <Extensions>cpp;c;cc;cxx;def;odl;idl;hpj;bat;asm;asmx</Extensions>
    </Filter>
    <Filter Include="Header Files">
      <UniqueIdentifier>{93995380-89BD-4b04-88EB-625FBE52EBFB}</UniqueIdentifier>
      <Extensions>h;hh;hpp;hxx;hm;inl;inc;ipp;xsd</Extensions>
    </Filter>
    <Filter Include="Resource Files">
      <UniqueIdentifier>{67DA6AB6-F800-4c08-8B7A-83BB121AAD01}</UniqueIdentifier>
      <Extensions>rc;ico;cur;bmp;dlg;rc2;rct;bin;rgs;gif;jpg;jpeg;jpe;resx;tiff;tif;png;wav;mfcribbon-ms</Extensions>
    </Filter>
    <Filter Include="Source Files\Common">
      <UniqueIdentifier>{9ddb45e9-3f9c-4246-9e14-ab8fc3718b9d}</UniqueIdentifier>
    </Filter>
    <Filter Include="Header Files\Common">
      <UniqueIdentifier>{79790021-8d3d-446c-bf55-1f112620de65}</UniqueIdentifier>
    </Filter>
  </ItemGroup>
  <ItemGroup>
    <ClInclude Include="pch.h">
      <Filter>Header Files</Filter>
    </ClInclude>
    <ClInclude Include="..\..\common\CmdParamHandler.h">
      <Filter>Header Files\Common</Filter>
    </ClInclude>
    <ClInclude Include="..\..\common\EsoCommon.h">
      <Filter>Header Files\Common</Filter>
    </ClInclude>
    <ClInclude Include="..\..\common\EsoFile.h">
      <Filter>Header Files\Common</Filter>
    </ClInclude>
  </ItemGroup>
  <ItemGroup>
    <ClCompile Include="pch.cpp">
      <Filter>Source Files</Filter>
    </ClCompile>
    <ClCompile Include="EsoLand.cpp">
      <Filter>Source Files</Filter>
    </ClCompile>
    <ClCompile Include="..\..\common\CmdParamHandler.cpp">
      <Filter>Source Files\Common</Filter>
    </ClCompile>
    <ClCompile Include="..\..\common\EsoCommon.cpp">
      <Filter>Source Files\Common</Filter>
    </ClCompile>
    <ClCompile Include="..\..\common\EsoFile.cpp">
      <Filter>Source Files\Common</Filter>
    </ClCompile>
    <ClCompile Include="..\..\common\snappy\snappy.cc">
      <Filter>Source Files\Common</Filter>
    </ClCompile>
    <ClCompile Include="..\..\common\snappy\snappy-c.cc">
      <Filter>Source Files\Common</Filter>
    </ClCompile>
    <ClCompile Include="..\..\common\snappy\snappy-sinksource.cc">
      <Filter>Source Files\Common</Filter>
    </ClCompile>
    <ClCompile Include="..\..\common\snappy\snappy-stubs-internal.cc">
      <Filter>Source Files\Common</Filter>
    </ClCompile>
  </ItemGroup>
  <ItemGroup>
    <Library Include="..\..\common\zlib\lib64\zlibstatic.lib">
      <Filter>Source Files\Common</Filter>
    </Library>
    <Library Include="..\..\common\devil\lib\x64\Release\DevIL.lib">
      <Filter>Source Files\Common</Filter>
    </Library>
    <Library Include="..\..\common\devil\lib\x64\Release\ILU.lib">
      <Filter>Source Files\Common</Filter>
    </Library>
    <Library Include="..\..\common\devil\lib\x64\Release\ILUT.lib">
      <Filter>Source Files\Common</Filter>
    </Library>
  </ItemGroup>
</Project>